{
  "nodes": {
    "home-manager": {
      "inputs": {
        "nixpkgs": [
          "nixpkgs"
        ]
      },
      "locked": {
        "lastModified": 1717931644,
        "narHash": "sha256-Sz8Wh9cAiD5FhL8UWvZxBfnvxETSCVZlqWSYWaCPyu0=",
        "owner": "nix-community",
        "repo": "home-manager",
        "rev": "3d65009effd77cb0d6e7520b68b039836a7606cf",
        "type": "github"
      },
      "original": {
        "owner": "nix-community",
        "repo": "home-manager",
        "type": "github"
      }
    },
    "nix-darwin": {
      "inputs": {
        "nixpkgs": [
          "nixpkgs"
        ]
      },
      "locked": {
        "lastModified": 1716993688,
        "narHash": "sha256-vo5k2wQekfeoq/2aleQkBN41dQiQHNTniZeVONWiWLs=",
        "owner": "lnl7",
        "repo": "nix-darwin",
        "rev": "c0d5b8c54d6828516c97f6be9f2d00c63a363df4",
        "type": "github"
      },
      "original": {
        "owner": "lnl7",
        "ref": "master",
        "repo": "nix-darwin",
        "type": "github"
      }
    },
    "nixpkgs": {
      "locked": {
        "lastModified": 1717951332,
        "narHash": "sha256-oIkx34BioqY/m9fGtlVk3kWAxqwHfIaVEAz7skaNVXs=",
        "owner": "NixOS",
        "repo": "nixpkgs",
        "rev": "3f27461045c4fc9747c134a8af1132c051c04deb",
        "type": "github"
      },
      "original": {
        "owner": "NixOS",
        "repo": "nixpkgs",
        "type": "github"
      }
    },
    "root": {
      "inputs": {
        "home-manager": "home-manager",
        "nix-darwin": "nix-darwin",
        "nixpkgs": "nixpkgs"
      }
    }
  },
  "root": "root",
  "version": 7
}
